
Microsoft Visual Studio Solution File, Format Version 12.00
# Visual Studio Version 17
VisualStudioVersion = 17.13.35931.197
MinimumVisualStudioVersion = 10.0.40219.1
Project("{FAE04EC0-301F-11D3-BF4B-00C04F79EFBC}") = "FirstDegree", "FirstDegree\FirstDegree.csproj", "{49CB17E4-36E3-47FB-BB67-0FA4EEAFF6AA}"
EndProject
Project("{FAE04EC0-301F-11D3-BF4B-00C04F79EFBC}") = "SimpleCalculationd1", "SimpleCalculationd1\SimpleCalculationd1.csproj", "{BD7339AA-47C5-4B9C-92EB-19518DD7D9D4}"
EndProject
Project("{FAE04EC0-301F-11D3-BF4B-00C04F79EFBC}") = "FullStructureProject", "FullStructureProject\FullStructureProject.csproj", "{5607EFB0-8AF8-46EC-B523-5726194B85FE}"
EndProject
Project("{FAE04EC0-301F-11D3-BF4B-00C04F79EFBC}") = "VarAnđynamic", "VarAnđynamic\VarAnđynamic.csproj", "{694378A8-691F-4438-AD67-F1BB30635E28}"
EndProject
Project("{FAE04EC0-301F-11D3-BF4B-00C04F79EFBC}") = "QuadractuiEquation", "QuadractuiEquation\QuadractuiEquation.csproj", "{B42CFCFA-7209-402E-B8CF-BBAFA5A181BF}"
EndProject
Project("{FAE04EC0-301F-11D3-BF4B-00C04F79EFBC}") = "StringInteraction", "StringInteraction\StringInteraction.csproj", "{3C411A6C-B8D1-42BB-9E67-3DA861A2E548}"
EndProject
Project("{FAE04EC0-301F-11D3-BF4B-00C04F79EFBC}") = "CallByReference", "CallByReference\CallByReference.csproj", "{B793EECF-688D-4BB4-B3B6-34E7599EEE04}"
EndProject
Project("{FAE04EC0-301F-11D3-BF4B-00C04F79EFBC}") = "TryParveVaLoop", "TryParveVaLoop\TryParveVaLoop.csproj", "{0BBF9CCB-C245-4616-805E-13EF58A44048}"
EndProject
Project("{FAE04EC0-301F-11D3-BF4B-00C04F79EFBC}") = "ParameterForArray", "ParameterForArray\ParameterForArray.csproj", "{B9C53E54-12BE-4D34-9562-0DE47684FF9E}"
EndProject
Project("{FAE04EC0-301F-11D3-BF4B-00C04F79EFBC}") = "StaticAndNonStaticMethod", "StaticAndNonStaticMethod\StaticAndNonStaticMethod.csproj", "{30BDE333-3915-467F-B351-7A51247F8179}"
EndProject
Project("{FAE04EC0-301F-11D3-BF4B-00C04F79EFBC}") = "TupplesSample", "TupplesSample\TupplesSample.csproj", "{4E599FD7-5F72-41B7-8497-63F0E526DC68}"
EndProject
Project("{FAE04EC0-301F-11D3-BF4B-00C04F79EFBC}") = "SortArrray", "SortArrray\SortArrray.csproj", "{491AC689-4254-4888-A571-65D30769598F}"
EndProject
Project("{FAE04EC0-301F-11D3-BF4B-00C04F79EFBC}") = "NestedLoop", "NestedLoop\NestedLoop.csproj", "{86CDCD56-7830-415B-8167-25EC57923C18}"
EndProject
Project("{FAE04EC0-301F-11D3-BF4B-00C04F79EFBC}") = "OOP1", "OOP1\OOP1.csproj", "{C013F809-CFB9-476B-A123-5BEDBCD52C7E}"
EndProject
Project("{FAE04EC0-301F-11D3-BF4B-00C04F79EFBC}") = "OOP2", "OOP2\OOP2.csproj", "{2DDFC9AA-A64C-4EE7-BC8C-F6D7AEBFFDB0}"
EndProject
Project("{FAE04EC0-301F-11D3-BF4B-00C04F79EFBC}") = "OOP3_ExtensionMethod", "OOP3_ExtensionMethod\OOP3_ExtensionMethod.csproj", "{F8BF9D05-E9F4-45B7-BFB8-688C06C80EC9}"
EndProject
Project("{FAE04EC0-301F-11D3-BF4B-00C04F79EFBC}") = "OOP2_Reuse_As_Library", "OOP2_Reuse_As_Library\OOP2_Reuse_As_Library.csproj", "{F109430A-5D4E-4BD5-9191-577A6CA9CAAA}"
EndProject
Project("{FAE04EC0-301F-11D3-BF4B-00C04F79EFBC}") = "OOP4_Generic_Collection", "OOP4_Generic_Collection\OOP4_Generic_Collection.csproj", "{796B0360-A888-4EAF-A8B9-61094E82BFE3}"
EndProject
Project("{FAE04EC0-301F-11D3-BF4B-00C04F79EFBC}") = "OOP5_Dictionary", "OOP5_Dictionary\OOP5_Dictionary.csproj", "{928812D8-806D-47A2-8B9A-5F44735CE6E9}"
EndProject
Project("{2150E333-8FDC-42A3-9474-1A3956D46DE8}") = "Chapter 5", "Chapter 5", "{02EA681E-C7D8-13C7-8484-4AC65E1B71E8}"
EndProject
Project("{FAE04EC0-301F-11D3-BF4B-00C04F79EFBC}") = "BuilderPattern", "BuilderPattern\BuilderPattern.csproj", "{044DE341-433F-5702-4D82-2BB3FD3832E3}"
EndProject
Project("{FAE04EC0-301F-11D3-BF4B-00C04F79EFBC}") = "FactoriesPattern", "FactoriesPattern\FactoriesPattern.csproj", "{15ADFCBE-9B56-7B0A-7AE5-771D29B1F4C9}"
EndProject
Project("{FAE04EC0-301F-11D3-BF4B-00C04F79EFBC}") = "ObserverPattern", "ObserverPattern\ObserverPattern.csproj", "{FEBF851F-917B-C45E-D2B8-7873FE9FDB40}"
EndProject
Project("{FAE04EC0-301F-11D3-BF4B-00C04F79EFBC}") = "PrototypePattern", "PrototypePattern\PrototypePattern.csproj", "{92C92FD4-253A-352A-CA1D-8ACA5E5F3868}"
EndProject
Project("{FAE04EC0-301F-11D3-BF4B-00C04F79EFBC}") = "SingletonPattern", "SingletonPattern\SingletonPattern.csproj", "{FABC0CC8-7E79-3D9B-8D56-17C4207BB104}"
EndProject
Project("{FAE04EC0-301F-11D3-BF4B-00C04F79EFBC}") = "DemoAliasAndClonne", "DemoAliasAndClonne\DemoAliasAndClonne.csproj", "{40ABBC41-3335-4E46-9D44-0E92B2F6D4C3}"
EndProject
Project("{2150E333-8FDC-42A3-9474-1A3956D46DE8}") = "Chapter 6", "Chapter 6", "{8F88EA8B-A5D3-4579-9A13-E69E1535EA0B}"
EndProject
Project("{FAE04EC0-301F-11D3-BF4B-00C04F79EFBC}") = "DemoDelegate", "DemoDelegate\DemoDelegate.csproj", "{68E069F4-A2AA-412E-8B28-EDF99A6E70C6}"
EndProject
Project("{FAE04EC0-301F-11D3-BF4B-00C04F79EFBC}") = "DemoLINQ2Object1", "DemoLINQ2Object1\DemoLINQ2Object1.csproj", "{57DFCF0C-8B00-46CB-8045-C2FB640CA480}"
EndProject
Project("{FAE04EC0-301F-11D3-BF4B-00C04F79EFBC}") = "DemoLINQObject2", "DemoLINQObject2\DemoLINQObject2.csproj", "{D31DD599-76DC-4B82-9782-AFFA19DC2910}"
EndProject
Project("{FAE04EC0-301F-11D3-BF4B-00C04F79EFBC}") = "DemoLINQ2SQL", "DemoLINQ2SQL\DemoLINQ2SQL.csproj", "{CEAB0EE9-11F8-4B5D-BE6E-59F8A03B1CE2}"
EndProject
Project("{FAE04EC0-301F-11D3-BF4B-00C04F79EFBC}") = "Lucy_SalesManagament", "Lucy_SalesManagament\Lucy_SalesManagament.csproj", "{CC8336C8-E155-4465-B07E-D307FCBE9AF9}"
EndProject
Project("{2150E333-8FDC-42A3-9474-1A3956D46DE8}") = "Chapter 7", "Chapter 7", "{7D25B506-EDDD-429C-BAA5-7DA778B6E44D}"
EndProject
Project("{FAE04EC0-301F-11D3-BF4B-00C04F79EFBC}") = "HelloWPF", "HelloWPF\HelloWPF.csproj", "{E8E8D7F8-5C6A-49D5-BDE2-15D7CF03D5F4}"
EndProject
Project("{FAE04EC0-301F-11D3-BF4B-00C04F79EFBC}") = "ButtonControl_TongHop", "ButtonControl_TongHop\ButtonControl_TongHop.csproj", "{3197AF15-92A1-447A-8730-58A9B7219F46}"
EndProject
Project("{FAE04EC0-301F-11D3-BF4B-00C04F79EFBC}") = "CheckBoxControlEvent", "CheckBoxControlEvent\CheckBoxControlEvent.csproj", "{250D953E-BA3F-4617-8B74-01DF87DB9875}"
EndProject
Project("{FAE04EC0-301F-11D3-BF4B-00C04F79EFBC}") = "RadioButtonControl", "RadioButtonControl\RadioButtonControl.csproj", "{C3E7E727-25A0-4A0B-AF6E-1245E32B1949}"
EndProject
Global
	GlobalSection(SolutionConfigurationPlatforms) = preSolution
		Debug|Any CPU = Debug|Any CPU
		Release|Any CPU = Release|Any CPU
	EndGlobalSection
	GlobalSection(ProjectConfigurationPlatforms) = postSolution
		{49CB17E4-36E3-47FB-BB67-0FA4EEAFF6AA}.Debug|Any CPU.ActiveCfg = Debug|Any CPU
		{49CB17E4-36E3-47FB-BB67-0FA4EEAFF6AA}.Debug|Any CPU.Build.0 = Debug|Any CPU
		{49CB17E4-36E3-47FB-BB67-0FA4EEAFF6AA}.Release|Any CPU.ActiveCfg = Release|Any CPU
		{49CB17E4-36E3-47FB-BB67-0FA4EEAFF6AA}.Release|Any CPU.Build.0 = Release|Any CPU
		{BD7339AA-47C5-4B9C-92EB-19518DD7D9D4}.Debug|Any CPU.ActiveCfg = Debug|Any CPU
		{BD7339AA-47C5-4B9C-92EB-19518DD7D9D4}.Debug|Any CPU.Build.0 = Debug|Any CPU
		{BD7339AA-47C5-4B9C-92EB-19518DD7D9D4}.Release|Any CPU.ActiveCfg = Release|Any CPU
		{BD7339AA-47C5-4B9C-92EB-19518DD7D9D4}.Release|Any CPU.Build.0 = Release|Any CPU
		{5607EFB0-8AF8-46EC-B523-5726194B85FE}.Debug|Any CPU.ActiveCfg = Debug|Any CPU
		{5607EFB0-8AF8-46EC-B523-5726194B85FE}.Debug|Any CPU.Build.0 = Debug|Any CPU
		{5607EFB0-8AF8-46EC-B523-5726194B85FE}.Release|Any CPU.ActiveCfg = Release|Any CPU
		{5607EFB0-8AF8-46EC-B523-5726194B85FE}.Release|Any CPU.Build.0 = Release|Any CPU
		{694378A8-691F-4438-AD67-F1BB30635E28}.Debug|Any CPU.ActiveCfg = Debug|Any CPU
		{694378A8-691F-4438-AD67-F1BB30635E28}.Debug|Any CPU.Build.0 = Debug|Any CPU
		{694378A8-691F-4438-AD67-F1BB30635E28}.Release|Any CPU.ActiveCfg = Release|Any CPU
		{694378A8-691F-4438-AD67-F1BB30635E28}.Release|Any CPU.Build.0 = Release|Any CPU
		{B42CFCFA-7209-402E-B8CF-BBAFA5A181BF}.Debug|Any CPU.ActiveCfg = Debug|Any CPU
		{B42CFCFA-7209-402E-B8CF-BBAFA5A181BF}.Debug|Any CPU.Build.0 = Debug|Any CPU
		{B42CFCFA-7209-402E-B8CF-BBAFA5A181BF}.Release|Any CPU.ActiveCfg = Release|Any CPU
		{B42CFCFA-7209-402E-B8CF-BBAFA5A181BF}.Release|Any CPU.Build.0 = Release|Any CPU
		{3C411A6C-B8D1-42BB-9E67-3DA861A2E548}.Debug|Any CPU.ActiveCfg = Debug|Any CPU
		{3C411A6C-B8D1-42BB-9E67-3DA861A2E548}.Debug|Any CPU.Build.0 = Debug|Any CPU
		{3C411A6C-B8D1-42BB-9E67-3DA861A2E548}.Release|Any CPU.ActiveCfg = Release|Any CPU
		{3C411A6C-B8D1-42BB-9E67-3DA861A2E548}.Release|Any CPU.Build.0 = Release|Any CPU
		{B793EECF-688D-4BB4-B3B6-34E7599EEE04}.Debug|Any CPU.ActiveCfg = Debug|Any CPU
		{B793EECF-688D-4BB4-B3B6-34E7599EEE04}.Debug|Any CPU.Build.0 = Debug|Any CPU
		{B793EECF-688D-4BB4-B3B6-34E7599EEE04}.Release|Any CPU.ActiveCfg = Release|Any CPU
		{B793EECF-688D-4BB4-B3B6-34E7599EEE04}.Release|Any CPU.Build.0 = Release|Any CPU
		{0BBF9CCB-C245-4616-805E-13EF58A44048}.Debug|Any CPU.ActiveCfg = Debug|Any CPU
		{0BBF9CCB-C245-4616-805E-13EF58A44048}.Debug|Any CPU.Build.0 = Debug|Any CPU
		{0BBF9CCB-C245-4616-805E-13EF58A44048}.Release|Any CPU.ActiveCfg = Release|Any CPU
		{0BBF9CCB-C245-4616-805E-13EF58A44048}.Release|Any CPU.Build.0 = Release|Any CPU
		{B9C53E54-12BE-4D34-9562-0DE47684FF9E}.Debug|Any CPU.ActiveCfg = Debug|Any CPU
		{B9C53E54-12BE-4D34-9562-0DE47684FF9E}.Debug|Any CPU.Build.0 = Debug|Any CPU
		{B9C53E54-12BE-4D34-9562-0DE47684FF9E}.Release|Any CPU.ActiveCfg = Release|Any CPU
		{B9C53E54-12BE-4D34-9562-0DE47684FF9E}.Release|Any CPU.Build.0 = Release|Any CPU
		{30BDE333-3915-467F-B351-7A51247F8179}.Debug|Any CPU.ActiveCfg = Debug|Any CPU
		{30BDE333-3915-467F-B351-7A51247F8179}.Debug|Any CPU.Build.0 = Debug|Any CPU
		{30BDE333-3915-467F-B351-7A51247F8179}.Release|Any CPU.ActiveCfg = Release|Any CPU
		{30BDE333-3915-467F-B351-7A51247F8179}.Release|Any CPU.Build.0 = Release|Any CPU
		{4E599FD7-5F72-41B7-8497-63F0E526DC68}.Debug|Any CPU.ActiveCfg = Debug|Any CPU
		{4E599FD7-5F72-41B7-8497-63F0E526DC68}.Debug|Any CPU.Build.0 = Debug|Any CPU
		{4E599FD7-5F72-41B7-8497-63F0E526DC68}.Release|Any CPU.ActiveCfg = Release|Any CPU
		{4E599FD7-5F72-41B7-8497-63F0E526DC68}.Release|Any CPU.Build.0 = Release|Any CPU
		{491AC689-4254-4888-A571-65D30769598F}.Debug|Any CPU.ActiveCfg = Debug|Any CPU
		{491AC689-4254-4888-A571-65D30769598F}.Debug|Any CPU.Build.0 = Debug|Any CPU
		{491AC689-4254-4888-A571-65D30769598F}.Release|Any CPU.ActiveCfg = Release|Any CPU
		{491AC689-4254-4888-A571-65D30769598F}.Release|Any CPU.Build.0 = Release|Any CPU
		{86CDCD56-7830-415B-8167-25EC57923C18}.Debug|Any CPU.ActiveCfg = Debug|Any CPU
		{86CDCD56-7830-415B-8167-25EC57923C18}.Debug|Any CPU.Build.0 = Debug|Any CPU
		{86CDCD56-7830-415B-8167-25EC57923C18}.Release|Any CPU.ActiveCfg = Release|Any CPU
		{86CDCD56-7830-415B-8167-25EC57923C18}.Release|Any CPU.Build.0 = Release|Any CPU
		{C013F809-CFB9-476B-A123-5BEDBCD52C7E}.Debug|Any CPU.ActiveCfg = Debug|Any CPU
		{C013F809-CFB9-476B-A123-5BEDBCD52C7E}.Debug|Any CPU.Build.0 = Debug|Any CPU
		{C013F809-CFB9-476B-A123-5BEDBCD52C7E}.Release|Any CPU.ActiveCfg = Release|Any CPU
		{C013F809-CFB9-476B-A123-5BEDBCD52C7E}.Release|Any CPU.Build.0 = Release|Any CPU
		{2DDFC9AA-A64C-4EE7-BC8C-F6D7AEBFFDB0}.Debug|Any CPU.ActiveCfg = Debug|Any CPU
		{2DDFC9AA-A64C-4EE7-BC8C-F6D7AEBFFDB0}.Debug|Any CPU.Build.0 = Debug|Any CPU
		{2DDFC9AA-A64C-4EE7-BC8C-F6D7AEBFFDB0}.Release|Any CPU.ActiveCfg = Release|Any CPU
		{2DDFC9AA-A64C-4EE7-BC8C-F6D7AEBFFDB0}.Release|Any CPU.Build.0 = Release|Any CPU
		{F8BF9D05-E9F4-45B7-BFB8-688C06C80EC9}.Debug|Any CPU.ActiveCfg = Debug|Any CPU
		{F8BF9D05-E9F4-45B7-BFB8-688C06C80EC9}.Debug|Any CPU.Build.0 = Debug|Any CPU
		{F8BF9D05-E9F4-45B7-BFB8-688C06C80EC9}.Release|Any CPU.ActiveCfg = Release|Any CPU
		{F8BF9D05-E9F4-45B7-BFB8-688C06C80EC9}.Release|Any CPU.Build.0 = Release|Any CPU
		{F109430A-5D4E-4BD5-9191-577A6CA9CAAA}.Debug|Any CPU.ActiveCfg = Debug|Any CPU
		{F109430A-5D4E-4BD5-9191-577A6CA9CAAA}.Debug|Any CPU.Build.0 = Debug|Any CPU
		{F109430A-5D4E-4BD5-9191-577A6CA9CAAA}.Release|Any CPU.ActiveCfg = Release|Any CPU
		{F109430A-5D4E-4BD5-9191-577A6CA9CAAA}.Release|Any CPU.Build.0 = Release|Any CPU
		{796B0360-A888-4EAF-A8B9-61094E82BFE3}.Debug|Any CPU.ActiveCfg = Debug|Any CPU
		{796B0360-A888-4EAF-A8B9-61094E82BFE3}.Debug|Any CPU.Build.0 = Debug|Any CPU
		{796B0360-A888-4EAF-A8B9-61094E82BFE3}.Release|Any CPU.ActiveCfg = Release|Any CPU
		{796B0360-A888-4EAF-A8B9-61094E82BFE3}.Release|Any CPU.Build.0 = Release|Any CPU
		{928812D8-806D-47A2-8B9A-5F44735CE6E9}.Debug|Any CPU.ActiveCfg = Debug|Any CPU
		{928812D8-806D-47A2-8B9A-5F44735CE6E9}.Debug|Any CPU.Build.0 = Debug|Any CPU
		{928812D8-806D-47A2-8B9A-5F44735CE6E9}.Release|Any CPU.ActiveCfg = Release|Any CPU
		{928812D8-806D-47A2-8B9A-5F44735CE6E9}.Release|Any CPU.Build.0 = Release|Any CPU
		{044DE341-433F-5702-4D82-2BB3FD3832E3}.Debug|Any CPU.ActiveCfg = Debug|Any CPU
		{044DE341-433F-5702-4D82-2BB3FD3832E3}.Debug|Any CPU.Build.0 = Debug|Any CPU
		{044DE341-433F-5702-4D82-2BB3FD3832E3}.Release|Any CPU.ActiveCfg = Release|Any CPU
		{044DE341-433F-5702-4D82-2BB3FD3832E3}.Release|Any CPU.Build.0 = Release|Any CPU
		{15ADFCBE-9B56-7B0A-7AE5-771D29B1F4C9}.Debug|Any CPU.ActiveCfg = Debug|Any CPU
		{15ADFCBE-9B56-7B0A-7AE5-771D29B1F4C9}.Debug|Any CPU.Build.0 = Debug|Any CPU
		{15ADFCBE-9B56-7B0A-7AE5-771D29B1F4C9}.Release|Any CPU.ActiveCfg = Release|Any CPU
		{15ADFCBE-9B56-7B0A-7AE5-771D29B1F4C9}.Release|Any CPU.Build.0 = Release|Any CPU
		{FEBF851F-917B-C45E-D2B8-7873FE9FDB40}.Debug|Any CPU.ActiveCfg = Debug|Any CPU
		{FEBF851F-917B-C45E-D2B8-7873FE9FDB40}.Debug|Any CPU.Build.0 = Debug|Any CPU
		{FEBF851F-917B-C45E-D2B8-7873FE9FDB40}.Release|Any CPU.ActiveCfg = Release|Any CPU
		{FEBF851F-917B-C45E-D2B8-7873FE9FDB40}.Release|Any CPU.Build.0 = Release|Any CPU
		{92C92FD4-253A-352A-CA1D-8ACA5E5F3868}.Debug|Any CPU.ActiveCfg = Debug|Any CPU
		{92C92FD4-253A-352A-CA1D-8ACA5E5F3868}.Debug|Any CPU.Build.0 = Debug|Any CPU
		{92C92FD4-253A-352A-CA1D-8ACA5E5F3868}.Release|Any CPU.ActiveCfg = Release|Any CPU
		{92C92FD4-253A-352A-CA1D-8ACA5E5F3868}.Release|Any CPU.Build.0 = Release|Any CPU
		{FABC0CC8-7E79-3D9B-8D56-17C4207BB104}.Debug|Any CPU.ActiveCfg = Debug|Any CPU
		{FABC0CC8-7E79-3D9B-8D56-17C4207BB104}.Debug|Any CPU.Build.0 = Debug|Any CPU
		{FABC0CC8-7E79-3D9B-8D56-17C4207BB104}.Release|Any CPU.ActiveCfg = Release|Any CPU
		{FABC0CC8-7E79-3D9B-8D56-17C4207BB104}.Release|Any CPU.Build.0 = Release|Any CPU
		{40ABBC41-3335-4E46-9D44-0E92B2F6D4C3}.Debug|Any CPU.ActiveCfg = Debug|Any CPU
		{40ABBC41-3335-4E46-9D44-0E92B2F6D4C3}.Debug|Any CPU.Build.0 = Debug|Any CPU
		{40ABBC41-3335-4E46-9D44-0E92B2F6D4C3}.Release|Any CPU.ActiveCfg = Release|Any CPU
		{40ABBC41-3335-4E46-9D44-0E92B2F6D4C3}.Release|Any CPU.Build.0 = Release|Any CPU
		{68E069F4-A2AA-412E-8B28-EDF99A6E70C6}.Debug|Any CPU.ActiveCfg = Debug|Any CPU
		{68E069F4-A2AA-412E-8B28-EDF99A6E70C6}.Debug|Any CPU.Build.0 = Debug|Any CPU
		{68E069F4-A2AA-412E-8B28-EDF99A6E70C6}.Release|Any CPU.ActiveCfg = Release|Any CPU
		{68E069F4-A2AA-412E-8B28-EDF99A6E70C6}.Release|Any CPU.Build.0 = Release|Any CPU
		{57DFCF0C-8B00-46CB-8045-C2FB640CA480}.Debug|Any CPU.ActiveCfg = Debug|Any CPU
		{57DFCF0C-8B00-46CB-8045-C2FB640CA480}.Debug|Any CPU.Build.0 = Debug|Any CPU
		{57DFCF0C-8B00-46CB-8045-C2FB640CA480}.Release|Any CPU.ActiveCfg = Release|Any CPU
		{57DFCF0C-8B00-46CB-8045-C2FB640CA480}.Release|Any CPU.Build.0 = Release|Any CPU
		{D31DD599-76DC-4B82-9782-AFFA19DC2910}.Debug|Any CPU.ActiveCfg = Debug|Any CPU
		{D31DD599-76DC-4B82-9782-AFFA19DC2910}.Debug|Any CPU.Build.0 = Debug|Any CPU
		{D31DD599-76DC-4B82-9782-AFFA19DC2910}.Release|Any CPU.ActiveCfg = Release|Any CPU
		{D31DD599-76DC-4B82-9782-AFFA19DC2910}.Release|Any CPU.Build.0 = Release|Any CPU
		{CEAB0EE9-11F8-4B5D-BE6E-59F8A03B1CE2}.Debug|Any CPU.ActiveCfg = Debug|Any CPU
		{CEAB0EE9-11F8-4B5D-BE6E-59F8A03B1CE2}.Debug|Any CPU.Build.0 = Debug|Any CPU
		{CEAB0EE9-11F8-4B5D-BE6E-59F8A03B1CE2}.Release|Any CPU.ActiveCfg = Release|Any CPU
		{CEAB0EE9-11F8-4B5D-BE6E-59F8A03B1CE2}.Release|Any CPU.Build.0 = Release|Any CPU
		{CC8336C8-E155-4465-B07E-D307FCBE9AF9}.Debug|Any CPU.ActiveCfg = Debug|Any CPU
		{CC8336C8-E155-4465-B07E-D307FCBE9AF9}.Debug|Any CPU.Build.0 = Debug|Any CPU
		{CC8336C8-E155-4465-B07E-D307FCBE9AF9}.Release|Any CPU.ActiveCfg = Release|Any CPU
		{CC8336C8-E155-4465-B07E-D307FCBE9AF9}.Release|Any CPU.Build.0 = Release|Any CPU
		{E8E8D7F8-5C6A-49D5-BDE2-15D7CF03D5F4}.Debug|Any CPU.ActiveCfg = Debug|Any CPU
		{E8E8D7F8-5C6A-49D5-BDE2-15D7CF03D5F4}.Debug|Any CPU.Build.0 = Debug|Any CPU
		{E8E8D7F8-5C6A-49D5-BDE2-15D7CF03D5F4}.Release|Any CPU.ActiveCfg = Release|Any CPU
		{E8E8D7F8-5C6A-49D5-BDE2-15D7CF03D5F4}.Release|Any CPU.Build.0 = Release|Any CPU
		{3197AF15-92A1-447A-8730-58A9B7219F46}.Debug|Any CPU.ActiveCfg = Debug|Any CPU
		{3197AF15-92A1-447A-8730-58A9B7219F46}.Debug|Any CPU.Build.0 = Debug|Any CPU
		{3197AF15-92A1-447A-8730-58A9B7219F46}.Release|Any CPU.ActiveCfg = Release|Any CPU
		{3197AF15-92A1-447A-8730-58A9B7219F46}.Release|Any CPU.Build.0 = Release|Any CPU
		{250D953E-BA3F-4617-8B74-01DF87DB9875}.Debug|Any CPU.ActiveCfg = Debug|Any CPU
		{250D953E-BA3F-4617-8B74-01DF87DB9875}.Debug|Any CPU.Build.0 = Debug|Any CPU
		{250D953E-BA3F-4617-8B74-01DF87DB9875}.Release|Any CPU.ActiveCfg = Release|Any CPU
		{250D953E-BA3F-4617-8B74-01DF87DB9875}.Release|Any CPU.Build.0 = Release|Any CPU
		{C3E7E727-25A0-4A0B-AF6E-1245E32B1949}.Debug|Any CPU.ActiveCfg = Debug|Any CPU
		{C3E7E727-25A0-4A0B-AF6E-1245E32B1949}.Debug|Any CPU.Build.0 = Debug|Any CPU
		{C3E7E727-25A0-4A0B-AF6E-1245E32B1949}.Release|Any CPU.ActiveCfg = Release|Any CPU
		{C3E7E727-25A0-4A0B-AF6E-1245E32B1949}.Release|Any CPU.Build.0 = Release|Any CPU
	EndGlobalSection
	GlobalSection(SolutionProperties) = preSolution
		HideSolutionNode = FALSE
	EndGlobalSection
	GlobalSection(NestedProjects) = preSolution
		{044DE341-433F-5702-4D82-2BB3FD3832E3} = {02EA681E-C7D8-13C7-8484-4AC65E1B71E8}
		{15ADFCBE-9B56-7B0A-7AE5-771D29B1F4C9} = {02EA681E-C7D8-13C7-8484-4AC65E1B71E8}
		{FEBF851F-917B-C45E-D2B8-7873FE9FDB40} = {02EA681E-C7D8-13C7-8484-4AC65E1B71E8}
		{92C92FD4-253A-352A-CA1D-8ACA5E5F3868} = {02EA681E-C7D8-13C7-8484-4AC65E1B71E8}
		{FABC0CC8-7E79-3D9B-8D56-17C4207BB104} = {02EA681E-C7D8-13C7-8484-4AC65E1B71E8}
		{40ABBC41-3335-4E46-9D44-0E92B2F6D4C3} = {02EA681E-C7D8-13C7-8484-4AC65E1B71E8}
		{68E069F4-A2AA-412E-8B28-EDF99A6E70C6} = {8F88EA8B-A5D3-4579-9A13-E69E1535EA0B}
		{57DFCF0C-8B00-46CB-8045-C2FB640CA480} = {8F88EA8B-A5D3-4579-9A13-E69E1535EA0B}
		{D31DD599-76DC-4B82-9782-AFFA19DC2910} = {8F88EA8B-A5D3-4579-9A13-E69E1535EA0B}
		{CEAB0EE9-11F8-4B5D-BE6E-59F8A03B1CE2} = {8F88EA8B-A5D3-4579-9A13-E69E1535EA0B}
		{CC8336C8-E155-4465-B07E-D307FCBE9AF9} = {8F88EA8B-A5D3-4579-9A13-E69E1535EA0B}
		{E8E8D7F8-5C6A-49D5-BDE2-15D7CF03D5F4} = {7D25B506-EDDD-429C-BAA5-7DA778B6E44D}
		{3197AF15-92A1-447A-8730-58A9B7219F46} = {7D25B506-EDDD-429C-BAA5-7DA778B6E44D}
		{250D953E-BA3F-4617-8B74-01DF87DB9875} = {7D25B506-EDDD-429C-BAA5-7DA778B6E44D}
		{C3E7E727-25A0-4A0B-AF6E-1245E32B1949} = {7D25B506-EDDD-429C-BAA5-7DA778B6E44D}
	EndGlobalSection
	GlobalSection(ExtensibilityGlobals) = postSolution
		SolutionGuid = {18D71280-41D1-4648-9AFA-6177FC461533}
	EndGlobalSection
EndGlobal
